dependencies:
- name: postgresql
  repository: https://charts.bitnami.com/bitnami
  version: 16.4.1
- name: redis
  repository: https://charts.bitnami.com/bitnami
  version: 20.6.2
- name: temporal
  repository: https://temporalio.github.io/helm-charts
  version: 0.44.0
- name: opa
  repository: ""
  version: 0.1.1
- name: otel-collector
  repository: ""
  version: 0.1.0
- name: api-server
  repository: ""
  version: 0.1.0
- name: secret-store
  repository: ""
  version: 0.1.0
- name: workflow-engine
  repository: ""
  version: 0.1.0
- name: llm-router
  repository: ""
  version: 0.1.0
- name: tool-proxy
  repository: ""
  version: 0.1.0
- name: sandbox-runtime
  repository: ""
  version: 0.1.0
- name: memory-plane
  repository: ""
  version: 0.1.0
- name: observability-plane
  repository: ""
  version: 0.1.0
- name: admin-console
  repository: ""
  version: 0.1.0
digest: sha256:b80273afc032960033c25c2fc550237acc26f6b5ee03e6c6c070c77a4740df64
generated: "2026-09-18T18:14:57.865802+05:00"
